// !$*UTF8*$!
{
	archiveVersion = 1;
	classes = {
	};
	objectVersion = 46;
	objects = {

/* Begin PBXBuildFile section */
		DA8D9D1C1D345A3800F5E693 /* SwiftIconFont.framework in Frameworks */ = {isa = PBXBuildFile; fileRef = DA8D9D111D345A3800F5E693 /* SwiftIconFont.framework */; };
		DA8D9D211D345A3800F5E693 /* SwiftIconFontTests.swift in Sources */ = {isa = PBXBuildFile; fileRef = DA8D9D201D345A3800F5E693 /* SwiftIconFontTests.swift */; };
/* End PBXBuildFile section */

/* Begin PBXContainerItemProxy section */
		DA8D9D1D1D345A3800F5E693 /* PBXContainerItemProxy */ = {
			isa = PBXContainerItemProxy;
			containerPortal = DA8D9D081D345A3800F5E693 /* Project object */;
			proxyType = 1;
			remoteGlobalIDString = DA8D9D101D345A3800F5E693;
			remoteInfo = SwiftIconFont;
		};
/* End PBXContainerItemProxy section */

/* Begin PBXFileReference section */
		DA8D9D111D345A3800F5E693 /* SwiftIconFont.framework */ = {isa = PBXFileReference; explicitFileType = wrapper.framework; includeInIndex = 0; path = SwiftIconFont.framework; sourceTree = BUILT_PRODUCTS_DIR; };
		DA8D9D1B1D345A3800F5E693 /* SwiftIconFontTests.xctest */ = {isa = PBXFileReference; explicitFileType = wrapper.cfbundle; includeInIndex = 0; path = SwiftIconFontTests.xctest; sourceTree = BUILT_PRODUCTS_DIR; };
		DA8D9D201D345A3800F5E693 /* SwiftIconFontTests.swift */ = {isa = PBXFileReference; lastKnownFileType = sourcecode.swift; path = SwiftIconFontTests.swift; sourceTree = "<group>"; };
		DA8D9D221D345A3800F5E693 /* Info.plist */ = {isa = PBXFileReference; lastKnownFileType = text.plist.xml; path = Info.plist; sourceTree = "<group>"; };
		F4EDF2782927E5A8004FA2D8 /* SwiftIconFont+UITextField.swift */ = {isa = PBXFileReference; lastKnownFileType = sourcecode.swift; path = "SwiftIconFont+UITextField.swift"; sourceTree = "<group>"; };
		F4EDF2792927E5A8004FA2D8 /* SwiftIconBarButtonItem.swift */ = {isa = PBXFileReference; lastKnownFileType = sourcecode.swift; path = SwiftIconBarButtonItem.swift; sourceTree = "<group>"; };
		F4EDF27A2927E5A8004FA2D8 /* SwiftIconImageView.swift */ = {isa = PBXFileReference; lastKnownFileType = sourcecode.swift; path = SwiftIconImageView.swift; sourceTree = "<group>"; };
		F4EDF27B2927E5A8004FA2D8 /* SwiftIconFont+UILabel.swift */ = {isa = PBXFileReference; lastKnownFileType = sourcecode.swift; path = "SwiftIconFont+UILabel.swift"; sourceTree = "<group>"; };
		F4EDF27C2927E5A8004FA2D8 /* SwiftIconFontView.swift */ = {isa = PBXFileReference; lastKnownFileType = sourcecode.swift; path = SwiftIconFontView.swift; sourceTree = "<group>"; };
		F4EDF27D2927E5A8004FA2D8 /* SwiftIconFont+UIImage.swift */ = {isa = PBXFileReference; lastKnownFileType = sourcecode.swift; path = "SwiftIconFont+UIImage.swift"; sourceTree = "<group>"; };
		F4EDF27E2927E5A8004FA2D8 /* SwiftIconFont+UIImageView.swift */ = {isa = PBXFileReference; lastKnownFileType = sourcecode.swift; path = "SwiftIconFont+UIImageView.swift"; sourceTree = "<group>"; };
		F4EDF27F2927E5A8004FA2D8 /* SwiftIconTextView.swift */ = {isa = PBXFileReference; lastKnownFileType = sourcecode.swift; path = SwiftIconTextView.swift; sourceTree = "<group>"; };
		F4EDF2802927E5A8004FA2D8 /* SwiftIconButton.swift */ = {isa = PBXFileReference; lastKnownFileType = sourcecode.swift; path = SwiftIconButton.swift; sourceTree = "<group>"; };
		F4EDF2812927E5A8004FA2D8 /* SwiftIconFont+UITextView.swift */ = {isa = PBXFileReference; lastKnownFileType = sourcecode.swift; path = "SwiftIconFont+UITextView.swift"; sourceTree = "<group>"; };
		F4EDF2822927E5A8004FA2D8 /* SwiftIconTextField.swift */ = {isa = PBXFileReference; lastKnownFileType = sourcecode.swift; path = SwiftIconTextField.swift; sourceTree = "<group>"; };
		F4EDF2832927E5A8004FA2D8 /* SwiftIconFont+UIBarButtonItem.swift */ = {isa = PBXFileReference; lastKnownFileType = sourcecode.swift; path = "SwiftIconFont+UIBarButtonItem.swift"; sourceTree = "<group>"; };
		F4EDF2842927E5A8004FA2D8 /* SwiftIconLabel.swift */ = {isa = PBXFileReference; lastKnownFileType = sourcecode.swift; path = SwiftIconLabel.swift; sourceTree = "<group>"; };
		F4EDF2852927E5A8004FA2D8 /* SwiftIconFont+UITabBarItem.swift */ = {isa = PBXFileReference; lastKnownFileType = sourcecode.swift; path = "SwiftIconFont+UITabBarItem.swift"; sourceTree = "<group>"; };
		F4EDF2862927E5A8004FA2D8 /* SwiftIconStepper.swift */ = {isa = PBXFileReference; lastKnownFileType = sourcecode.swift; path = SwiftIconStepper.swift; sourceTree = "<group>"; };
		F4EDF2872927E5A8004FA2D8 /* SwiftIconTabBarItem.swift */ = {isa = PBXFileReference; lastKnownFileType = sourcecode.swift; path = SwiftIconTabBarItem.swift; sourceTree = "<group>"; };
		F4EDF2882927E5A8004FA2D8 /* SwiftIconFont+UIButton.swift */ = {isa = PBXFileReference; lastKnownFileType = sourcecode.swift; path = "SwiftIconFont+UIButton.swift"; sourceTree = "<group>"; };
		F4EDF28A2927E5A8004FA2D8 /* SwiftIconFont+String.swift */ = {isa = PBXFileReference; lastKnownFileType = sourcecode.swift; path = "SwiftIconFont+String.swift"; sourceTree = "<group>"; };
		F4EDF28B2927E5A8004FA2D8 /* SwiftIconFont+NSRange.swift */ = {isa = PBXFileReference; lastKnownFileType = sourcecode.swift; path = "SwiftIconFont+NSRange.swift"; sourceTree = "<group>"; };
		F4EDF28C2927E5A8004FA2D8 /* FontLoader.swift */ = {isa = PBXFileReference; lastKnownFileType = sourcecode.swift; path = FontLoader.swift; sourceTree = "<group>"; };
		F4EDF28D2927E5A8004FA2D8 /* SwiftIconFont.swift */ = {isa = PBXFileReference; lastKnownFileType = sourcecode.swift; path = SwiftIconFont.swift; sourceTree = "<group>"; };
		F4EDF28F2927E5A8004FA2D8 /* SegoeMDL2.swift */ = {isa = PBXFileReference; lastKnownFileType = sourcecode.swift; path = SegoeMDL2.swift; sourceTree = "<group>"; };
		F4EDF2902927E5A8004FA2D8 /* Captain.swift */ = {isa = PBXFileReference; lastKnownFileType = sourcecode.swift; path = Captain.swift; sourceTree = "<group>"; };
		F4EDF2912927E5A8004FA2D8 /* Octicon.swift */ = {isa = PBXFileReference; lastKnownFileType = sourcecode.swift; path = Octicon.swift; sourceTree = "<group>"; };
		F4EDF2922927E5A8004FA2D8 /* Iconic.swift */ = {isa = PBXFileReference; lastKnownFileType = sourcecode.swift; path = Iconic.swift; sourceTree = "<group>"; };
		F4EDF2932927E5A8004FA2D8 /* FontAwesome5.swift */ = {isa = PBXFileReference; lastKnownFileType = sourcecode.swift; path = FontAwesome5.swift; sourceTree = "<group>"; };
		F4EDF2942927E5A8004FA2D8 /* MapIcon.swift */ = {isa = PBXFileReference; lastKnownFileType = sourcecode.swift; path = MapIcon.swift; sourceTree = "<group>"; };
		F4EDF2952927E5A8004FA2D8 /* MaterialIcon.swift */ = {isa = PBXFileReference; lastKnownFileType = sourcecode.swift; path = MaterialIcon.swift; sourceTree = "<group>"; };
		F4EDF2962927E5A8004FA2D8 /* IonIcons.swift */ = {isa = PBXFileReference; lastKnownFileType = sourcecode.swift; path = IonIcons.swift; sourceTree = "<group>"; };
		F4EDF2972927E5A8004FA2D8 /* ElegantIcon.swift */ = {isa = PBXFileReference; lastKnownFileType = sourcecode.swift; path = ElegantIcon.swift; sourceTree = "<group>"; };
		F4EDF2982927E5A8004FA2D8 /* Foundation.swift */ = {isa = PBXFileReference; lastKnownFileType = sourcecode.swift; path = Foundation.swift; sourceTree = "<group>"; };
		F4EDF2992927E5A8004FA2D8 /* ThemifyIcon.swift */ = {isa = PBXFileReference; lastKnownFileType = sourcecode.swift; path = ThemifyIcon.swift; sourceTree = "<group>"; };
		F4EDF29A2927E5A8004FA2D8 /* FontAwesome.swift */ = {isa = PBXFileReference; lastKnownFileType = sourcecode.swift; path = FontAwesome.swift; sourceTree = "<group>"; };
		F4EDF29B2927E5A8004FA2D8 /* Types.swift */ = {isa = PBXFileReference; lastKnownFileType = sourcecode.swift; path = Types.swift; sourceTree = "<group>"; };
		F4EDF29D2927E5A8004FA2D8 /* SwiftIconFont+NSButton.swift */ = {isa = PBXFileReference; lastKnownFileType = sourcecode.swift; path = "SwiftIconFont+NSButton.swift"; sourceTree = "<group>"; };
		F4EDF29E2927E5A8004FA2D8 /* SwiftIconFontNSView.swift */ = {isa = PBXFileReference; lastKnownFileType = sourcecode.swift; path = SwiftIconFontNSView.swift; sourceTree = "<group>"; };
		F4EDF29F2927E5A8004FA2D8 /* SwiftIconFont+NSImage.swift */ = {isa = PBXFileReference; lastKnownFileType = sourcecode.swift; path = "SwiftIconFont+NSImage.swift"; sourceTree = "<group>"; };
		F4EDF2A02927E5A8004FA2D8 /* SwiftIconFont+NSTextField.swift */ = {isa = PBXFileReference; lastKnownFileType = sourcecode.swift; path = "SwiftIconFont+NSTextField.swift"; sourceTree = "<group>"; };
		F4EDF2A22927E5A8004FA2D8 /* captainicon.ttf */ = {isa = PBXFileReference; lastKnownFileType = file; path = captainicon.ttf; sourceTree = "<group>"; };
		F4EDF2A32927E5A8004FA2D8 /* SegoeMDL2Assets.ttf */ = {isa = PBXFileReference; lastKnownFileType = file; path = SegoeMDL2Assets.ttf; sourceTree = "<group>"; };
		F4EDF2A42927E5A8004FA2D8 /* octicons.ttf */ = {isa = PBXFileReference; lastKnownFileType = file; path = octicons.ttf; sourceTree = "<group>"; };
		F4EDF2A52927E5A8004FA2D8 /* themify.ttf */ = {isa = PBXFileReference; lastKnownFileType = file; path = themify.ttf; sourceTree = "<group>"; };
		F4EDF2A62927E5A8004FA2D8 /* FontAwesome5Free-Solid.ttf */ = {isa = PBXFileReference; lastKnownFileType = file; path = "FontAwesome5Free-Solid.ttf"; sourceTree = "<group>"; };
		F4EDF2A72927E5A8004FA2D8 /* Ionicons.ttf */ = {isa = PBXFileReference; lastKnownFileType = file; path = Ionicons.ttf; sourceTree = "<group>"; };
		F4EDF2A82927E5A8004FA2D8 /* fontcustom.ttf */ = {isa = PBXFileReference; lastKnownFileType = file; path = fontcustom.ttf; sourceTree = "<group>"; };
		F4EDF2A92927E5A8004FA2D8 /* open-iconic.ttf */ = {isa = PBXFileReference; lastKnownFileType = file; path = "open-iconic.ttf"; sourceTree = "<group>"; };
		F4EDF2AA2927E5A8004FA2D8 /* FontAwesome5Brands-Regular.ttf */ = {isa = PBXFileReference; lastKnownFileType = file; path = "FontAwesome5Brands-Regular.ttf"; sourceTree = "<group>"; };
		F4EDF2AB2927E5A8004FA2D8 /* MaterialIcons-Regular.ttf */ = {isa = PBXFileReference; lastKnownFileType = file; path = "MaterialIcons-Regular.ttf"; sourceTree = "<group>"; };
		F4EDF2AC2927E5A8004FA2D8 /* FontAwesome5Free-Regular.ttf */ = {isa = PBXFileReference; lastKnownFileType = file; path = "FontAwesome5Free-Regular.ttf"; sourceTree = "<group>"; };
		F4EDF2AD2927E5A8004FA2D8 /* map-icons.ttf */ = {isa = PBXFileReference; lastKnownFileType = file; path = "map-icons.ttf"; sourceTree = "<group>"; };
		F4EDF2AE2927E5A8004FA2D8 /* ElegantIcons.ttf */ = {isa = PBXFileReference; lastKnownFileType = file; path = ElegantIcons.ttf; sourceTree = "<group>"; };
		F4EDF2AF2927E5A8004FA2D8 /* SwiftIconFont.h */ = {isa = PBXFileReference; lastKnownFileType = sourcecode.c.h; path = SwiftIconFont.h; sourceTree = "<group>"; };
		F4EDF2B02927E5A8004FA2D8 /* Info.plist */ = {isa = PBXFileReference; lastKnownFileType = text.plist.xml; path = Info.plist; sourceTree = "<group>"; };
/* End PBXFileReference section */

/* Begin PBXFrameworksBuildPhase section */
		DA8D9D0D1D345A3800F5E693 /* Frameworks */ = {
			isa = PBXFrameworksBuildPhase;
			buildActionMask = 2147483647;
			files = (
			);
			runOnlyForDeploymentPostprocessing = 0;
		};
		DA8D9D181D345A3800F5E693 /* Frameworks */ = {
			isa = PBXFrameworksBuildPhase;
			buildActionMask = 2147483647;
			files = (
				DA8D9D1C1D345A3800F5E693 /* SwiftIconFont.framework in Frameworks */,
			);
			runOnlyForDeploymentPostprocessing = 0;
		};
/* End PBXFrameworksBuildPhase section */

/* Begin PBXGroup section */
		DA8D9D071D345A3800F5E693 = {
			isa = PBXGroup;
			children = (
				F4EDF2742927DE3B004FA2D8 /* Sources */,
				DA8D9D1F1D345A3800F5E693 /* SwiftIconFontTests */,
				DA8D9D121D345A3800F5E693 /* Products */,
			);
			sourceTree = "<group>";
		};
		DA8D9D121D345A3800F5E693 /* Products */ = {
			isa = PBXGroup;
			children = (
				DA8D9D111D345A3800F5E693 /* SwiftIconFont.framework */,
				DA8D9D1B1D345A3800F5E693 /* SwiftIconFontTests.xctest */,
			);
			name = Products;
			sourceTree = "<group>";
		};
		DA8D9D1F1D345A3800F5E693 /* SwiftIconFontTests */ = {
			isa = PBXGroup;
			children = (
				DA8D9D201D345A3800F5E693 /* SwiftIconFontTests.swift */,
				DA8D9D221D345A3800F5E693 /* Info.plist */,
			);
			path = SwiftIconFontTests;
			sourceTree = "<group>";
		};
		F4EDF2742927DE3B004FA2D8 /* Sources */ = {
			isa = PBXGroup;
			children = (
				F4EDF2752927E5A8004FA2D8 /* SwiftIconFont */,
			);
			name = Sources;
			path = /Users/simon/Projects/SwiftIconFont/Sources;
			sourceTree = "<absolute>";
		};
		F4EDF2752927E5A8004FA2D8 /* SwiftIconFont */ = {
			isa = PBXGroup;
			children = (
				F4EDF2762927E5A8004FA2D8 /* Classes */,
				F4EDF2A12927E5A8004FA2D8 /* Resources */,
				F4EDF2AF2927E5A8004FA2D8 /* SwiftIconFont.h */,
				F4EDF2B02927E5A8004FA2D8 /* Info.plist */,
			);
			path = SwiftIconFont;
			sourceTree = "<group>";
		};
		F4EDF2762927E5A8004FA2D8 /* Classes */ = {
			isa = PBXGroup;
			children = (
				F4EDF2772927E5A8004FA2D8 /* UIKit */,
				F4EDF2892927E5A8004FA2D8 /* Shared */,
				F4EDF29C2927E5A8004FA2D8 /* AppKit */,
			);
			path = Classes;
			sourceTree = "<group>";
		};
		F4EDF2772927E5A8004FA2D8 /* UIKit */ = {
			isa = PBXGroup;
			children = (
				F4EDF2782927E5A8004FA2D8 /* SwiftIconFont+UITextField.swift */,
				F4EDF2792927E5A8004FA2D8 /* SwiftIconBarButtonItem.swift */,
				F4EDF27A2927E5A8004FA2D8 /* SwiftIconImageView.swift */,
				F4EDF27B2927E5A8004FA2D8 /* SwiftIconFont+UILabel.swift */,
				F4EDF27C2927E5A8004FA2D8 /* SwiftIconFontView.swift */,
				F4EDF27D2927E5A8004FA2D8 /* SwiftIconFont+UIImage.swift */,
				F4EDF27E2927E5A8004FA2D8 /* SwiftIconFont+UIImageView.swift */,
				F4EDF27F2927E5A8004FA2D8 /* SwiftIconTextView.swift */,
				F4EDF2802927E5A8004FA2D8 /* SwiftIconButton.swift */,
				F4EDF2812927E5A8004FA2D8 /* SwiftIconFont+UITextView.swift */,
				F4EDF2822927E5A8004FA2D8 /* SwiftIconTextField.swift */,
				F4EDF2832927E5A8004FA2D8 /* SwiftIconFont+UIBarButtonItem.swift */,
				F4EDF2842927E5A8004FA2D8 /* SwiftIconLabel.swift */,
				F4EDF2852927E5A8004FA2D8 /* SwiftIconFont+UITabBarItem.swift */,
				F4EDF2862927E5A8004FA2D8 /* SwiftIconStepper.swift */,
				F4EDF2872927E5A8004FA2D8 /* SwiftIconTabBarItem.swift */,
				F4EDF2882927E5A8004FA2D8 /* SwiftIconFont+UIButton.swift */,
			);
			path = UIKit;
			sourceTree = "<group>";
		};
		F4EDF2892927E5A8004FA2D8 /* Shared */ = {
			isa = PBXGroup;
			children = (
				F4EDF28A2927E5A8004FA2D8 /* SwiftIconFont+String.swift */,
				F4EDF28B2927E5A8004FA2D8 /* SwiftIconFont+NSRange.swift */,
				F4EDF28C2927E5A8004FA2D8 /* FontLoader.swift */,
				F4EDF28D2927E5A8004FA2D8 /* SwiftIconFont.swift */,
				F4EDF28E2927E5A8004FA2D8 /* Fonts */,
				F4EDF29B2927E5A8004FA2D8 /* Types.swift */,
			);
			path = Shared;
			sourceTree = "<group>";
		};
		F4EDF28E2927E5A8004FA2D8 /* Fonts */ = {
			isa = PBXGroup;
			children = (
				F4EDF28F2927E5A8004FA2D8 /* SegoeMDL2.swift */,
				F4EDF2902927E5A8004FA2D8 /* Captain.swift */,
				F4EDF2912927E5A8004FA2D8 /* Octicon.swift */,
				F4EDF2922927E5A8004FA2D8 /* Iconic.swift */,
				F4EDF2932927E5A8004FA2D8 /* FontAwesome5.swift */,
				F4EDF2942927E5A8004FA2D8 /* MapIcon.swift */,
				F4EDF2952927E5A8004FA2D8 /* MaterialIcon.swift */,
				F4EDF2962927E5A8004FA2D8 /* IonIcons.swift */,
				F4EDF2972927E5A8004FA2D8 /* ElegantIcon.swift */,
				F4EDF2982927E5A8004FA2D8 /* Foundation.swift */,
				F4EDF2992927E5A8004FA2D8 /* ThemifyIcon.swift */,
				F4EDF29A2927E5A8004FA2D8 /* FontAwesome.swift */,
			);
			path = Fonts;
			sourceTree = "<group>";
		};
		F4EDF29C2927E5A8004FA2D8 /* AppKit */ = {
			isa = PBXGroup;
			children = (
				F4EDF29D2927E5A8004FA2D8 /* SwiftIconFont+NSButton.swift */,
				F4EDF29E2927E5A8004FA2D8 /* SwiftIconFontNSView.swift */,
				F4EDF29F2927E5A8004FA2D8 /* SwiftIconFont+NSImage.swift */,
				F4EDF2A02927E5A8004FA2D8 /* SwiftIconFont+NSTextField.swift */,
			);
			path = AppKit;
			sourceTree = "<group>";
		};
		F4EDF2A12927E5A8004FA2D8 /* Resources */ = {
			isa = PBXGroup;
			children = (
				F4EDF2A22927E5A8004FA2D8 /* captainicon.ttf */,
				F4EDF2A32927E5A8004FA2D8 /* SegoeMDL2Assets.ttf */,
				F4EDF2A42927E5A8004FA2D8 /* octicons.ttf */,
				F4EDF2A52927E5A8004FA2D8 /* themify.ttf */,
				F4EDF2A62927E5A8004FA2D8 /* FontAwesome5Free-Solid.ttf */,
				F4EDF2A72927E5A8004FA2D8 /* Ionicons.ttf */,
				F4EDF2A82927E5A8004FA2D8 /* fontcustom.ttf */,
				F4EDF2A92927E5A8004FA2D8 /* open-iconic.ttf */,
				F4EDF2AA2927E5A8004FA2D8 /* FontAwesome5Brands-Regular.ttf */,
				F4EDF2AB2927E5A8004FA2D8 /* MaterialIcons-Regular.ttf */,
				F4EDF2AC2927E5A8004FA2D8 /* FontAwesome5Free-Regular.ttf */,
				F4EDF2AD2927E5A8004FA2D8 /* map-icons.ttf */,
				F4EDF2AE2927E5A8004FA2D8 /* ElegantIcons.ttf */,
			);
			path = Resources;
			sourceTree = "<group>";
		};
/* End PBXGroup section */

/* Begin PBXHeadersBuildPhase section */
		DA8D9D0E1D345A3800F5E693 /* Headers */ = {
			isa = PBXHeadersBuildPhase;
			buildActionMask = 2147483647;
			files = (
			);
			runOnlyForDeploymentPostprocessing = 0;
		};
/* End PBXHeadersBuildPhase section */

/* Begin PBXNativeTarget section */
		DA8D9D101D345A3800F5E693 /* SwiftIconFont */ = {
			isa = PBXNativeTarget;
			buildConfigurationList = DA8D9D251D345A3800F5E693 /* Build configuration list for PBXNativeTarget "SwiftIconFont" */;
			buildPhases = (
				DA8D9D0C1D345A3800F5E693 /* Sources */,
				DA8D9D0D1D345A3800F5E693 /* Frameworks */,
				DA8D9D0E1D345A3800F5E693 /* Headers */,
				DA8D9D0F1D345A3800F5E693 /* Resources */,
			);
			buildRules = (
			);
			dependencies = (
			);
			name = SwiftIconFont;
			productName = SwiftIconFont;
			productReference = DA8D9D111D345A3800F5E693 /* SwiftIconFont.framework */;
			productType = "com.apple.product-type.framework";
		};
		DA8D9D1A1D345A3800F5E693 /* SwiftIconFontTests */ = {
			isa = PBXNativeTarget;
			buildConfigurationList = DA8D9D281D345A3800F5E693 /* Build configuration list for PBXNativeTarget "SwiftIconFontTests" */;
			buildPhases = (
				DA8D9D171D345A3800F5E693 /* Sources */,
				DA8D9D181D345A3800F5E693 /* Frameworks */,
				DA8D9D191D345A3800F5E693 /* Resources */,
			);
			buildRules = (
			);
			dependencies = (
				DA8D9D1E1D345A3800F5E693 /* PBXTargetDependency */,
			);
			name = SwiftIconFontTests;
			productName = SwiftIconFontTests;
			productReference = DA8D9D1B1D345A3800F5E693 /* SwiftIconFontTests.xctest */;
			productType = "com.apple.product-type.bundle.unit-test";
		};
/* End PBXNativeTarget section */

/* Begin PBXProject section */
		DA8D9D081D345A3800F5E693 /* Project object */ = {
			isa = PBXProject;
			attributes = {
				LastSwiftUpdateCheck = 0730;
				LastUpgradeCheck = 0920;
				ORGANIZATIONNAME = "Sedat Gökbek ÇİFTÇİ";
				TargetAttributes = {
					DA8D9D101D345A3800F5E693 = {
						CreatedOnToolsVersion = 7.3.1;
						LastSwiftMigration = 1000;
					};
					DA8D9D1A1D345A3800F5E693 = {
						CreatedOnToolsVersion = 7.3.1;
						LastSwiftMigration = 0920;
					};
				};
			};
			buildConfigurationList = DA8D9D0B1D345A3800F5E693 /* Build configuration list for PBXProject "SwiftIconFont" */;
			compatibilityVersion = "Xcode 3.2";
			developmentRegion = English;
			hasScannedForEncodings = 0;
			knownRegions = (
				English,
				en,
			);
			mainGroup = DA8D9D071D345A3800F5E693;
			productRefGroup = DA8D9D121D345A3800F5E693 /* Products */;
			projectDirPath = "";
			projectRoot = "";
			targets = (
				DA8D9D101D345A3800F5E693 /* SwiftIconFont */,
				DA8D9D1A1D345A3800F5E693 /* SwiftIconFontTests */,
			);
		};
/* End PBXProject section */

/* Begin PBXResourcesBuildPhase section */
		DA8D9D0F1D345A3800F5E693 /* Resources */ = {
			isa = PBXResourcesBuildPhase;
			buildActionMask = 2147483647;
			files = (
			);
			runOnlyForDeploymentPostprocessing = 0;
		};
		DA8D9D191D345A3800F5E693 /* Resources */ = {
			isa = PBXResourcesBuildPhase;
			buildActionMask = 2147483647;
			files = (
			);
			runOnlyForDeploymentPostprocessing = 0;
		};
/* End PBXResourcesBuildPhase section */

/* Begin PBXSourcesBuildPhase section */
		DA8D9D0C1D345A3800F5E693 /* Sources */ = {
			isa = PBXSourcesBuildPhase;
			buildActionMask = 2147483647;
			files = (
			);
			runOnlyForDeploymentPostprocessing = 0;
		};
		DA8D9D171D345A3800F5E693 /* Sources */ = {
			isa = PBXSourcesBuildPhase;
			buildActionMask = 2147483647;
			files = (
				DA8D9D211D345A3800F5E693 /* SwiftIconFontTests.swift in Sources */,
			);
			runOnlyForDeploymentPostprocessing = 0;
		};
/* End PBXSourcesBuildPhase section */

/* Begin PBXTargetDependency section */
		DA8D9D1E1D345A3800F5E693 /* PBXTargetDependency */ = {
			isa = PBXTargetDependency;
			target = DA8D9D101D345A3800F5E693 /* SwiftIconFont */;
			targetProxy = DA8D9D1D1D345A3800F5E693 /* PBXContainerItemProxy */;
		};
/* End PBXTargetDependency section */

/* Begin XCBuildConfiguration section */
		DA8D9D231D345A3800F5E693 /* Debug */ = {
			isa = XCBuildConfiguration;
			buildSettings = {
				ALWAYS_SEARCH_USER_PATHS = NO;
				CLANG_ANALYZER_NONNULL = YES;
				CLANG_CXX_LANGUAGE_STANDARD = "gnu++0x";
				CLANG_CXX_LIBRARY = "libc++";
				CLANG_ENABLE_MODULES = YES;
				CLANG_ENABLE_OBJC_ARC = YES;
				CLANG_WARN_BLOCK_CAPTURE_AUTORELEASING = YES;
				CLANG_WARN_BOOL_CONVERSION = YES;
				CLANG_WARN_COMMA = YES;
				CLANG_WARN_CONSTANT_CONVERSION = YES;
				CLANG_WARN_DIRECT_OBJC_ISA_USAGE = YES_ERROR;
				CLANG_WARN_EMPTY_BODY = YES;
				CLANG_WARN_ENUM_CONVERSION = YES;
				CLANG_WARN_INFINITE_RECURSION = YES;
				CLANG_WARN_INT_CONVERSION = YES;
				CLANG_WARN_NON_LITERAL_NULL_CONVERSION = YES;
				CLANG_WARN_OBJC_LITERAL_CONVERSION = YES;
				CLANG_WARN_OBJC_ROOT_CLASS = YES_ERROR;
				CLANG_WARN_RANGE_LOOP_ANALYSIS = YES;
				CLANG_WARN_STRICT_PROTOTYPES = YES;
				CLANG_WARN_SUSPICIOUS_MOVE = YES;
				CLANG_WARN_UNREACHABLE_CODE = YES;
				CLANG_WARN__DUPLICATE_METHOD_MATCH = YES;
				"CODE_SIGN_IDENTITY[sdk=iphoneos*]" = "iPhone Developer";
				COPY_PHASE_STRIP = NO;
				CURRENT_PROJECT_VERSION = 1;
				DEBUG_INFORMATION_FORMAT = dwarf;
				ENABLE_STRICT_OBJC_MSGSEND = YES;
				ENABLE_TESTABILITY = YES;
				GCC_C_LANGUAGE_STANDARD = gnu99;
				GCC_DYNAMIC_NO_PIC = NO;
				GCC_NO_COMMON_BLOCKS = YES;
				GCC_OPTIMIZATION_LEVEL = 0;
				GCC_PREPROCESSOR_DEFINITIONS = (
					"DEBUG=1",
					"$(inherited)",
				);
				GCC_WARN_64_TO_32_BIT_CONVERSION = YES;
				GCC_WARN_ABOUT_RETURN_TYPE = YES_ERROR;
				GCC_WARN_UNDECLARED_SELECTOR = YES;
				GCC_WARN_UNINITIALIZED_AUTOS = YES_AGGRESSIVE;
				GCC_WARN_UNUSED_FUNCTION = YES;
				GCC_WARN_UNUSED_VARIABLE = YES;
				IPHONEOS_DEPLOYMENT_TARGET = 9.3;
				MTL_ENABLE_DEBUG_INFO = YES;
				ONLY_ACTIVE_ARCH = YES;
				SDKROOT = iphoneos;
				SWIFT_OPTIMIZATION_LEVEL = "-Onone";
				SWIFT_VERSION = 5.0;
				TARGETED_DEVICE_FAMILY = "1,2";
				VERSIONING_SYSTEM = "apple-generic";
				VERSION_INFO_PREFIX = "";
			};
			name = Debug;
		};
		DA8D9D241D345A3800F5E693 /* Release */ = {
			isa = XCBuildConfiguration;
			buildSettings = {
				ALWAYS_SEARCH_USER_PATHS = NO;
				CLANG_ANALYZER_NONNULL = YES;
				CLANG_CXX_LANGUAGE_STANDARD = "gnu++0x";
				CLANG_CXX_LIBRARY = "libc++";
				CLANG_ENABLE_MODULES = YES;
				CLANG_ENABLE_OBJC_ARC = YES;
				CLANG_WARN_BLOCK_CAPTURE_AUTORELEASING = YES;
				CLANG_WARN_BOOL_CONVERSION = YES;
				CLANG_WARN_COMMA = YES;
				CLANG_WARN_CONSTANT_CONVERSION = YES;
				CLANG_WARN_DIRECT_OBJC_ISA_USAGE = YES_ERROR;
				CLANG_WARN_EMPTY_BODY = YES;
				CLANG_WARN_ENUM_CONVERSION = YES;
				CLANG_WARN_INFINITE_RECURSION = YES;
				CLANG_WARN_INT_CONVERSION = YES;
				CLANG_WARN_NON_LITERAL_NULL_CONVERSION = YES;
				CLANG_WARN_OBJC_LITERAL_CONVERSION = YES;
				CLANG_WARN_OBJC_ROOT_CLASS = YES_ERROR;
				CLANG_WARN_RANGE_LOOP_ANALYSIS = YES;
				CLANG_WARN_STRICT_PROTOTYPES = YES;
				CLANG_WARN_SUSPICIOUS_MOVE = YES;
				CLANG_WARN_UNREACHABLE_CODE = YES;
				CLANG_WARN__DUPLICATE_METHOD_MATCH = YES;
				"CODE_SIGN_IDENTITY[sdk=iphoneos*]" = "iPhone Developer";
				COPY_PHASE_STRIP = NO;
				CURRENT_PROJECT_VERSION = 1;
				DEBUG_INFORMATION_FORMAT = "dwarf-with-dsym";
				ENABLE_NS_ASSERTIONS = NO;
				ENABLE_STRICT_OBJC_MSGSEND = YES;
				GCC_C_LANGUAGE_STANDARD = gnu99;
				GCC_NO_COMMON_BLOCKS = YES;
				GCC_WARN_64_TO_32_BIT_CONVERSION = YES;
				GCC_WARN_ABOUT_RETURN_TYPE = YES_ERROR;
				GCC_WARN_UNDECLARED_SELECTOR = YES;
				GCC_WARN_UNINITIALIZED_AUTOS = YES_AGGRESSIVE;
				GCC_WARN_UNUSED_FUNCTION = YES;
				GCC_WARN_UNUSED_VARIABLE = YES;
				IPHONEOS_DEPLOYMENT_TARGET = 9.3;
				MTL_ENABLE_DEBUG_INFO = NO;
				SDKROOT = iphoneos;
				SWIFT_OPTIMIZATION_LEVEL = "-Owholemodule";
				SWIFT_VERSION = 5.0;
				TARGETED_DEVICE_FAMILY = "1,2";
				VALIDATE_PRODUCT = YES;
				VERSIONING_SYSTEM = "apple-generic";
				VERSION_INFO_PREFIX = "";
			};
			name = Release;
		};
		DA8D9D261D345A3800F5E693 /* Debug */ = {
			isa = XCBuildConfiguration;
			buildSettings = {
				"CODE_SIGN_IDENTITY[sdk=iphoneos*]" = "";
				DEFINES_MODULE = YES;
				DYLIB_COMPATIBILITY_VERSION = 1;
				DYLIB_CURRENT_VERSION = 1;
				DYLIB_INSTALL_NAME_BASE = "@rpath";
				INFOPLIST_FILE = Sources/SwiftIconFont/Info.plist;
				INSTALL_PATH = "$(LOCAL_LIBRARY_DIR)/Frameworks";
				IPHONEOS_DEPLOYMENT_TARGET = 8.0;
				LD_RUNPATH_SEARCH_PATHS = "$(inherited) @executable_path/Frameworks @loader_path/Frameworks";
				PRODUCT_BUNDLE_IDENTIFIER = tr.sdev.SwiftIconFont;
				PRODUCT_NAME = "$(TARGET_NAME)";
				SKIP_INSTALL = YES;
			};
			name = Debug;
		};
		DA8D9D271D345A3800F5E693 /* Release */ = {
			isa = XCBuildConfiguration;
			buildSettings = {
				"CODE_SIGN_IDENTITY[sdk=iphoneos*]" = "";
				DEFINES_MODULE = YES;
				DYLIB_COMPATIBILITY_VERSION = 1;
				DYLIB_CURRENT_VERSION = 1;
				DYLIB_INSTALL_NAME_BASE = "@rpath";
				INFOPLIST_FILE = Sources/SwiftIconFont/Info.plist;
				INSTALL_PATH = "$(LOCAL_LIBRARY_DIR)/Frameworks";
				IPHONEOS_DEPLOYMENT_TARGET = 8.0;
				LD_RUNPATH_SEARCH_PATHS = "$(inherited) @executable_path/Frameworks @loader_path/Frameworks";
				PRODUCT_BUNDLE_IDENTIFIER = tr.sdev.SwiftIconFont;
				PRODUCT_NAME = "$(TARGET_NAME)";
				SKIP_INSTALL = YES;
			};
			name = Release;
		};
		DA8D9D291D345A3800F5E693 /* Debug */ = {
			isa = XCBuildConfiguration;
			buildSettings = {
				INFOPLIST_FILE = SwiftIconFontTests/Info.plist;
				LD_RUNPATH_SEARCH_PATHS = "$(inherited) @executable_path/Frameworks @loader_path/Frameworks";
				PRODUCT_BUNDLE_IDENTIFIER = tr.sdev.SwiftIconFontTests;
				PRODUCT_NAME = "$(TARGET_NAME)";
				SWIFT_SWIFT3_OBJC_INFERENCE = Default;
			};
			name = Debug;
		};
		DA8D9D2A1D345A3800F5E693 /* Release */ = {
			isa = XCBuildConfiguration;
			buildSettings = {
				INFOPLIST_FILE = SwiftIconFontTests/Info.plist;
				LD_RUNPATH_SEARCH_PATHS = "$(inherited) @executable_path/Frameworks @loader_path/Frameworks";
				PRODUCT_BUNDLE_IDENTIFIER = tr.sdev.SwiftIconFontTests;
				PRODUCT_NAME = "$(TARGET_NAME)";
				SWIFT_SWIFT3_OBJC_INFERENCE = Default;
			};
			name = Release;
		};
/* End XCBuildConfiguration section */

/* Begin XCConfigurationList section */
		DA8D9D0B1D345A3800F5E693 /* Build configuration list for PBXProject "SwiftIconFont" */ = {
			isa = XCConfigurationList;
			buildConfigurations = (
				DA8D9D231D345A3800F5E693 /* Debug */,
				DA8D9D241D345A3800F5E693 /* Release */,
			);
			defaultConfigurationIsVisible = 0;
			defaultConfigurationName = Release;
		};
		DA8D9D251D345A3800F5E693 /* Build configuration list for PBXNativeTarget "SwiftIconFont" */ = {
			isa = XCConfigurationList;
			buildConfigurations = (
				DA8D9D261D345A3800F5E693 /* Debug */,
				DA8D9D271D345A3800F5E693 /* Release */,
			);
			defaultConfigurationIsVisible = 0;
			defaultConfigurationName = Release;
		};
		DA8D9D281D345A3800F5E693 /* Build configuration list for PBXNativeTarget "SwiftIconFontTests" */ = {
			isa = XCConfigurationList;
			buildConfigurations = (
				DA8D9D291D345A3800F5E693 /* Debug */,
				DA8D9D2A1D345A3800F5E693 /* Release */,
			);
			defaultConfigurationIsVisible = 0;
			defaultConfigurationName = Release;
		};
/* End XCConfigurationList section */
	};
	rootObject = DA8D9D081D345A3800F5E693 /* Project object */;
}
